
Microsoft Visual Studio Solution File, Format Version 12.00
# Visual Studio Version 17
VisualStudioVersion = 17.4.33403.182
MinimumVisualStudioVersion = 10.0.40219.1
Project("{FAE04EC0-301F-11D3-BF4B-00C04F79EFBC}") = "Form", "Form.csproj", "{0839B523-8E4E-4127-842A-A4757F4B3AAE}"
EndProject
Global
	GlobalSection(SolutionConfigurationPlatforms) = preSolution
		Debug|Any CPU = Debug|Any CPU
		Release|Any CPU = Release|Any CPU
	EndGlobalSection
	GlobalSection(ProjectConfigurationPlatforms) = postSolution
		{0839B523-8E4E-4127-842A-A4757F4B3AAE}.Debug|Any CPU.ActiveCfg = Debug|Any CPU
		{0839B523-8E4E-4127-842A-A4757F4B3AAE}.Debug|Any CPU.Build.0 = Debug|Any CPU
		{0839B523-8E4E-4127-842A-A4757F4B3AAE}.Release|Any CPU.ActiveCfg = Release|Any CPU
		{0839B523-8E4E-4127-842A-A4757F4B3AAE}.Release|Any CPU.Build.0 = Release|Any CPU
	EndGlobalSection
	GlobalSection(SolutionProperties) = preSolution
		HideSolutionNode = FALSE
	EndGlobalSection
	GlobalSection(ExtensibilityGlobals) = postSolution
		SolutionGuid = {04F74002-171A-498E-9EBC-4A3D0BD4325C}
	EndGlobalSection
EndGlobal
